// !$*UTF8*$!
{
	archiveVersion = 1;
	classes = {
	};
	objectVersion = 46;
	objects = {

/* Begin PBXBuildFile section */
		8B0966AF18CEA17100692A10 /* RequestsTableViewController.m in Sources */ = {isa = PBXBuildFile; fileRef = 8B0966AE18CEA17100692A10 /* RequestsTableViewController.m */; };
		8B0966B518CF622500692A10 /* CategoriesTableViewController.m in Sources */ = {isa = PBXBuildFile; fileRef = 8B0966B418CF622500692A10 /* CategoriesTableViewController.m */; };
		8B0966B818CF6D1D00692A10 /* PartListViewController.m in Sources */ = {isa = PBXBuildFile; fileRef = 8B0966B718CF6D1D00692A10 /* PartListViewController.m */; };
		8B0966BB18CFAAF800692A10 /* PartViewController.m in Sources */ = {isa = PBXBuildFile; fileRef = 8B0966BA18CFAAF800692A10 /* PartViewController.m */; };
		8B0966C118D00E4E00692A10 /* TeamRequestsTableViewController.m in Sources */ = {isa = PBXBuildFile; fileRef = 8B0966C018D00E4E00692A10 /* TeamRequestsTableViewController.m */; };
		8B43E6C218D2167100885B0D /* AcceptRequestViewController.m in Sources */ = {isa = PBXBuildFile; fileRef = 8B43E6C118D2167100885B0D /* AcceptRequestViewController.m */; };
		8B9808A518B30FDF008AC816 /* Foundation.framework in Frameworks */ = {isa = PBXBuildFile; fileRef = 8B9808A418B30FDF008AC816 /* Foundation.framework */; };
		8B9808A718B30FDF008AC816 /* CoreGraphics.framework in Frameworks */ = {isa = PBXBuildFile; fileRef = 8B9808A618B30FDF008AC816 /* CoreGraphics.framework */; };
		8B9808A918B30FDF008AC816 /* UIKit.framework in Frameworks */ = {isa = PBXBuildFile; fileRef = 8B9808A818B30FDF008AC816 /* UIKit.framework */; };
		8B9808AF18B30FE0008AC816 /* InfoPlist.strings in Resources */ = {isa = PBXBuildFile; fileRef = 8B9808AD18B30FE0008AC816 /* InfoPlist.strings */; };
		8B9808B118B30FE0008AC816 /* main.m in Sources */ = {isa = PBXBuildFile; fileRef = 8B9808B018B30FE0008AC816 /* main.m */; };
		8B9808B518B30FE0008AC816 /* AppDelegate.m in Sources */ = {isa = PBXBuildFile; fileRef = 8B9808B418B30FE0008AC816 /* AppDelegate.m */; };
		8B9808B818B30FE0008AC816 /* Main_iPhone.storyboard in Resources */ = {isa = PBXBuildFile; fileRef = 8B9808B618B30FE0008AC816 /* Main_iPhone.storyboard */; };
		8B9808BB18B30FE0008AC816 /* Main_iPad.storyboard in Resources */ = {isa = PBXBuildFile; fileRef = 8B9808B918B30FE0008AC816 /* Main_iPad.storyboard */; };
		8B9808C318B30FE0008AC816 /* Images.xcassets in Resources */ = {isa = PBXBuildFile; fileRef = 8B9808C218B30FE0008AC816 /* Images.xcassets */; };
		8B9808CA18B30FE0008AC816 /* XCTest.framework in Frameworks */ = {isa = PBXBuildFile; fileRef = 8B9808C918B30FE0008AC816 /* XCTest.framework */; };
		8B9808CB18B30FE0008AC816 /* Foundation.framework in Frameworks */ = {isa = PBXBuildFile; fileRef = 8B9808A418B30FDF008AC816 /* Foundation.framework */; };
		8B9808CC18B30FE0008AC816 /* UIKit.framework in Frameworks */ = {isa = PBXBuildFile; fileRef = 8B9808A818B30FDF008AC816 /* UIKit.framework */; };
		8B9808D418B30FE0008AC816 /* InfoPlist.strings in Resources */ = {isa = PBXBuildFile; fileRef = 8B9808D218B30FE0008AC816 /* InfoPlist.strings */; };
		8B9808D618B30FE0008AC816 /* Bin_of_PartsTests.m in Sources */ = {isa = PBXBuildFile; fileRef = 8B9808D518B30FE0008AC816 /* Bin_of_PartsTests.m */; };
		8BA33AAF18D169DF0099DF70 /* InventoryPartViewController.m in Sources */ = {isa = PBXBuildFile; fileRef = 8BA33AAE18D169DF0099DF70 /* InventoryPartViewController.m */; };
		8BAAC58518E0C22100CB09C2 /* SDWebImage.framework in Frameworks */ = {isa = PBXBuildFile; fileRef = 8BAAC58418E0C22100CB09C2 /* SDWebImage.framework */; };
		8BAAC58718E0C25E00CB09C2 /* ImageIO.framework in Frameworks */ = {isa = PBXBuildFile; fileRef = 8BAAC58618E0C25E00CB09C2 /* ImageIO.framework */; };
		8BB9660718C1943D0041AD18 /* TeamDetailViewController.m in Sources */ = {isa = PBXBuildFile; fileRef = 8BB9660618C1943C0041AD18 /* TeamDetailViewController.m */; };
		8BB9660A18C1D34E0041AD18 /* Security.framework in Frameworks */ = {isa = PBXBuildFile; fileRef = 8BB9660918C1D34D0041AD18 /* Security.framework */; };
		8BB9661218C1DD080041AD18 /* PDKeychainBindings.m in Sources */ = {isa = PBXBuildFile; fileRef = 8BB9660F18C1DD080041AD18 /* PDKeychainBindings.m */; };
		8BB9661318C1DD080041AD18 /* PDKeychainBindingsController.m in Sources */ = {isa = PBXBuildFile; fileRef = 8BB9661118C1DD080041AD18 /* PDKeychainBindingsController.m */; };
		8BC37A5618C16EB9004D8B91 /* MeTableViewController.m in Sources */ = {isa = PBXBuildFile; fileRef = 8BC37A5518C16EB9004D8B91 /* MeTableViewController.m */; };
		8BC37A5918C1872F004D8B91 /* EventDetailViewController.m in Sources */ = {isa = PBXBuildFile; fileRef = 8BC37A5818C1872F004D8B91 /* EventDetailViewController.m */; };
		8BDC844118BEE84F0049D916 /* LoginViewController.m in Sources */ = {isa = PBXBuildFile; fileRef = 8BDC844018BEE84F0049D916 /* LoginViewController.m */; };
		8BDC844418BF1E630049D916 /* TeamsTableViewController.m in Sources */ = {isa = PBXBuildFile; fileRef = 8BDC844318BF1E630049D916 /* TeamsTableViewController.m */; };
		8BDC844718BF1E7B0049D916 /* EventsTableViewController.m in Sources */ = {isa = PBXBuildFile; fileRef = 8BDC844618BF1E7B0049D916 /* EventsTableViewController.m */; };
		8BDC844A18BF1F000049D916 /* KopTableViewController.m in Sources */ = {isa = PBXBuildFile; fileRef = 8BDC844918BF1F000049D916 /* KopTableViewController.m */; };
		8BE516B518D17B3C00AF90DC /* RemoveFromInventoryPartViewController.m in Sources */ = {isa = PBXBuildFile; fileRef = 8BE516B418D17B3C00AF90DC /* RemoveFromInventoryPartViewController.m */; };
/* End PBXBuildFile section */

/* Begin PBXContainerItemProxy section */
		8B9808CD18B30FE0008AC816 /* PBXContainerItemProxy */ = {
			isa = PBXContainerItemProxy;
			containerPortal = 8B98089918B30FDF008AC816 /* Project object */;
			proxyType = 1;
			remoteGlobalIDString = 8B9808A018B30FDF008AC816;
			remoteInfo = "Bin of Parts";
		};
/* End PBXContainerItemProxy section */

/* Begin PBXFileReference section */
		8B0966AD18CEA17100692A10 /* RequestsTableViewController.h */ = {isa = PBXFileReference; fileEncoding = 4; lastKnownFileType = sourcecode.c.h; name = RequestsTableViewController.h; path = iPad/RequestsTableViewController.h; sourceTree = "<group>"; };
		8B0966AE18CEA17100692A10 /* RequestsTableViewController.m */ = {isa = PBXFileReference; fileEncoding = 4; lastKnownFileType = sourcecode.c.objc; name = RequestsTableViewController.m; path = iPad/RequestsTableViewController.m; sourceTree = "<group>"; };
		8B0966B318CF622500692A10 /* CategoriesTableViewController.h */ = {isa = PBXFileReference; fileEncoding = 4; lastKnownFileType = sourcecode.c.h; name = CategoriesTableViewController.h; path = iPad/CategoriesTableViewController.h; sourceTree = "<group>"; };
		8B0966B418CF622500692A10 /* CategoriesTableViewController.m */ = {isa = PBXFileReference; fileEncoding = 4; lastKnownFileType = sourcecode.c.objc; name = CategoriesTableViewController.m; path = iPad/CategoriesTableViewController.m; sourceTree = "<group>"; };
		8B0966B618CF6D1D00692A10 /* PartListViewController.h */ = {isa = PBXFileReference; fileEncoding = 4; lastKnownFileType = sourcecode.c.h; name = PartListViewController.h; path = iPad/PartListViewController.h; sourceTree = "<group>"; };
		8B0966B718CF6D1D00692A10 /* PartListViewController.m */ = {isa = PBXFileReference; fileEncoding = 4; lastKnownFileType = sourcecode.c.objc; name = PartListViewController.m; path = iPad/PartListViewController.m; sourceTree = "<group>"; };
		8B0966B918CFAAF800692A10 /* PartViewController.h */ = {isa = PBXFileReference; fileEncoding = 4; lastKnownFileType = sourcecode.c.h; name = PartViewController.h; path = iPad/PartViewController.h; sourceTree = "<group>"; };
		8B0966BA18CFAAF800692A10 /* PartViewController.m */ = {isa = PBXFileReference; fileEncoding = 4; lastKnownFileType = sourcecode.c.objc; name = PartViewController.m; path = iPad/PartViewController.m; sourceTree = "<group>"; };
		8B0966BF18D00E4E00692A10 /* TeamRequestsTableViewController.h */ = {isa = PBXFileReference; fileEncoding = 4; lastKnownFileType = sourcecode.c.h; name = TeamRequestsTableViewController.h; path = iPad/TeamRequestsTableViewController.h; sourceTree = "<group>"; };
		8B0966C018D00E4E00692A10 /* TeamRequestsTableViewController.m */ = {isa = PBXFileReference; fileEncoding = 4; lastKnownFileType = sourcecode.c.objc; name = TeamRequestsTableViewController.m; path = iPad/TeamRequestsTableViewController.m; sourceTree = "<group>"; };
		8B43E6C018D2167100885B0D /* AcceptRequestViewController.h */ = {isa = PBXFileReference; fileEncoding = 4; lastKnownFileType = sourcecode.c.h; name = AcceptRequestViewController.h; path = iPad/AcceptRequestViewController.h; sourceTree = "<group>"; };
		8B43E6C118D2167100885B0D /* AcceptRequestViewController.m */ = {isa = PBXFileReference; fileEncoding = 4; lastKnownFileType = sourcecode.c.objc; name = AcceptRequestViewController.m; path = iPad/AcceptRequestViewController.m; sourceTree = "<group>"; };
		8B9808A118B30FDF008AC816 /* Bin of Parts.app */ = {isa = PBXFileReference; explicitFileType = wrapper.application; includeInIndex = 0; path = "Bin of Parts.app"; sourceTree = BUILT_PRODUCTS_DIR; };
		8B9808A418B30FDF008AC816 /* Foundation.framework */ = {isa = PBXFileReference; lastKnownFileType = wrapper.framework; name = Foundation.framework; path = System/Library/Frameworks/Foundation.framework; sourceTree = SDKROOT; };
		8B9808A618B30FDF008AC816 /* CoreGraphics.framework */ = {isa = PBXFileReference; lastKnownFileType = wrapper.framework; name = CoreGraphics.framework; path = System/Library/Frameworks/CoreGraphics.framework; sourceTree = SDKROOT; };
		8B9808A818B30FDF008AC816 /* UIKit.framework */ = {isa = PBXFileReference; lastKnownFileType = wrapper.framework; name = UIKit.framework; path = System/Library/Frameworks/UIKit.framework; sourceTree = SDKROOT; };
		8B9808AC18B30FE0008AC816 /* Bin of Parts-Info.plist */ = {isa = PBXFileReference; lastKnownFileType = text.plist.xml; path = "Bin of Parts-Info.plist"; sourceTree = "<group>"; };
		8B9808AE18B30FE0008AC816 /* en */ = {isa = PBXFileReference; lastKnownFileType = text.plist.strings; name = en; path = en.lproj/InfoPlist.strings; sourceTree = "<group>"; };
		8B9808B018B30FE0008AC816 /* main.m */ = {isa = PBXFileReference; lastKnownFileType = sourcecode.c.objc; path = main.m; sourceTree = "<group>"; };
		8B9808B218B30FE0008AC816 /* Bin of Parts-Prefix.pch */ = {isa = PBXFileReference; lastKnownFileType = sourcecode.c.h; path = "Bin of Parts-Prefix.pch"; sourceTree = "<group>"; };
		8B9808B318B30FE0008AC816 /* AppDelegate.h */ = {isa = PBXFileReference; lastKnownFileType = sourcecode.c.h; path = AppDelegate.h; sourceTree = "<group>"; };
		8B9808B418B30FE0008AC816 /* AppDelegate.m */ = {isa = PBXFileReference; lastKnownFileType = sourcecode.c.objc; path = AppDelegate.m; sourceTree = "<group>"; };
		8B9808B718B30FE0008AC816 /* Base */ = {isa = PBXFileReference; lastKnownFileType = file.storyboard; name = Base; path = Base.lproj/Main_iPhone.storyboard; sourceTree = "<group>"; };
		8B9808BA18B30FE0008AC816 /* Base */ = {isa = PBXFileReference; lastKnownFileType = file.storyboard; name = Base; path = Base.lproj/Main_iPad.storyboard; sourceTree = "<group>"; };
		8B9808C218B30FE0008AC816 /* Images.xcassets */ = {isa = PBXFileReference; lastKnownFileType = folder.assetcatalog; path = Images.xcassets; sourceTree = "<group>"; };
		8B9808C818B30FE0008AC816 /* Bin of PartsTests.xctest */ = {isa = PBXFileReference; explicitFileType = wrapper.cfbundle; includeInIndex = 0; path = "Bin of PartsTests.xctest"; sourceTree = BUILT_PRODUCTS_DIR; };
		8B9808C918B30FE0008AC816 /* XCTest.framework */ = {isa = PBXFileReference; lastKnownFileType = wrapper.framework; name = XCTest.framework; path = Library/Frameworks/XCTest.framework; sourceTree = DEVELOPER_DIR; };
		8B9808D118B30FE0008AC816 /* Bin of PartsTests-Info.plist */ = {isa = PBXFileReference; lastKnownFileType = text.plist.xml; path = "Bin of PartsTests-Info.plist"; sourceTree = "<group>"; };
		8B9808D318B30FE0008AC816 /* en */ = {isa = PBXFileReference; lastKnownFileType = text.plist.strings; name = en; path = en.lproj/InfoPlist.strings; sourceTree = "<group>"; };
		8B9808D518B30FE0008AC816 /* Bin_of_PartsTests.m */ = {isa = PBXFileReference; lastKnownFileType = sourcecode.c.objc; path = Bin_of_PartsTests.m; sourceTree = "<group>"; };
		8BA33AAD18D169DF0099DF70 /* InventoryPartViewController.h */ = {isa = PBXFileReference; fileEncoding = 4; lastKnownFileType = sourcecode.c.h; name = InventoryPartViewController.h; path = iPad/InventoryPartViewController.h; sourceTree = "<group>"; };
		8BA33AAE18D169DF0099DF70 /* InventoryPartViewController.m */ = {isa = PBXFileReference; fileEncoding = 4; lastKnownFileType = sourcecode.c.objc; name = InventoryPartViewController.m; path = iPad/InventoryPartViewController.m; sourceTree = "<group>"; };
		8BAAC58418E0C22100CB09C2 /* SDWebImage.framework */ = {isa = PBXFileReference; lastKnownFileType = wrapper.framework; path = SDWebImage.framework; sourceTree = "<group>"; };
		8BAAC58618E0C25E00CB09C2 /* ImageIO.framework */ = {isa = PBXFileReference; lastKnownFileType = wrapper.framework; name = ImageIO.framework; path = System/Library/Frameworks/ImageIO.framework; sourceTree = SDKROOT; };
		8BB9660518C1943C0041AD18 /* TeamDetailViewController.h */ = {isa = PBXFileReference; fileEncoding = 4; lastKnownFileType = sourcecode.c.h; path = TeamDetailViewController.h; sourceTree = "<group>"; };
		8BB9660618C1943C0041AD18 /* TeamDetailViewController.m */ = {isa = PBXFileReference; fileEncoding = 4; lastKnownFileType = sourcecode.c.objc; path = TeamDetailViewController.m; sourceTree = "<group>"; };
		8BB9660818C1CF3C0041AD18 /* constants.h */ = {isa = PBXFileReference; lastKnownFileType = sourcecode.c.h; path = constants.h; sourceTree = "<group>"; };
		8BB9660918C1D34D0041AD18 /* Security.framework */ = {isa = PBXFileReference; lastKnownFileType = wrapper.framework; name = Security.framework; path = System/Library/Frameworks/Security.framework; sourceTree = SDKROOT; };
		8BB9660E18C1DD080041AD18 /* PDKeychainBindings.h */ = {isa = PBXFileReference; fileEncoding = 4; lastKnownFileType = sourcecode.c.h; path = PDKeychainBindings.h; sourceTree = "<group>"; };
		8BB9660F18C1DD080041AD18 /* PDKeychainBindings.m */ = {isa = PBXFileReference; fileEncoding = 4; lastKnownFileType = sourcecode.c.objc; path = PDKeychainBindings.m; sourceTree = "<group>"; };
		8BB9661018C1DD080041AD18 /* PDKeychainBindingsController.h */ = {isa = PBXFileReference; fileEncoding = 4; lastKnownFileType = sourcecode.c.h; path = PDKeychainBindingsController.h; sourceTree = "<group>"; };
		8BB9661118C1DD080041AD18 /* PDKeychainBindingsController.m */ = {isa = PBXFileReference; fileEncoding = 4; lastKnownFileType = sourcecode.c.objc; path = PDKeychainBindingsController.m; sourceTree = "<group>"; };
		8BB9661418C1F5950041AD18 /* CFNetwork.framework */ = {isa = PBXFileReference; lastKnownFileType = wrapper.framework; name = CFNetwork.framework; path = System/Library/Frameworks/CFNetwork.framework; sourceTree = SDKROOT; };
		8BB9661618C1F5A00041AD18 /* SystemConfiguration.framework */ = {isa = PBXFileReference; lastKnownFileType = wrapper.framework; name = SystemConfiguration.framework; path = System/Library/Frameworks/SystemConfiguration.framework; sourceTree = SDKROOT; };
		8BB9661818C1F5A90041AD18 /* MobileCoreServices.framework */ = {isa = PBXFileReference; lastKnownFileType = wrapper.framework; name = MobileCoreServices.framework; path = System/Library/Frameworks/MobileCoreServices.framework; sourceTree = SDKROOT; };
		8BC37A5418C16EB9004D8B91 /* MeTableViewController.h */ = {isa = PBXFileReference; fileEncoding = 4; lastKnownFileType = sourcecode.c.h; name = MeTableViewController.h; path = private/MeTableViewController.h; sourceTree = "<group>"; };
		8BC37A5518C16EB9004D8B91 /* MeTableViewController.m */ = {isa = PBXFileReference; fileEncoding = 4; lastKnownFileType = sourcecode.c.objc; name = MeTableViewController.m; path = private/MeTableViewController.m; sourceTree = "<group>"; };
		8BC37A5718C1872F004D8B91 /* EventDetailViewController.h */ = {isa = PBXFileReference; fileEncoding = 4; lastKnownFileType = sourcecode.c.h; path = EventDetailViewController.h; sourceTree = "<group>"; };
		8BC37A5818C1872F004D8B91 /* EventDetailViewController.m */ = {isa = PBXFileReference; fileEncoding = 4; lastKnownFileType = sourcecode.c.objc; path = EventDetailViewController.m; sourceTree = "<group>"; };
		8BDC843F18BEE84F0049D916 /* LoginViewController.h */ = {isa = PBXFileReference; fileEncoding = 4; lastKnownFileType = sourcecode.c.h; path = LoginViewController.h; sourceTree = "<group>"; };
		8BDC844018BEE84F0049D916 /* LoginViewController.m */ = {isa = PBXFileReference; fileEncoding = 4; lastKnownFileType = sourcecode.c.objc; path = LoginViewController.m; sourceTree = "<group>"; };
		8BDC844218BF1E630049D916 /* TeamsTableViewController.h */ = {isa = PBXFileReference; fileEncoding = 4; lastKnownFileType = sourcecode.c.h; path = TeamsTableViewController.h; sourceTree = "<group>"; };
		8BDC844318BF1E630049D916 /* TeamsTableViewController.m */ = {isa = PBXFileReference; fileEncoding = 4; lastKnownFileType = sourcecode.c.objc; path = TeamsTableViewController.m; sourceTree = "<group>"; };
		8BDC844518BF1E7B0049D916 /* EventsTableViewController.h */ = {isa = PBXFileReference; fileEncoding = 4; lastKnownFileType = sourcecode.c.h; path = EventsTableViewController.h; sourceTree = "<group>"; };
		8BDC844618BF1E7B0049D916 /* EventsTableViewController.m */ = {isa = PBXFileReference; fileEncoding = 4; lastKnownFileType = sourcecode.c.objc; path = EventsTableViewController.m; sourceTree = "<group>"; };
		8BDC844818BF1F000049D916 /* KopTableViewController.h */ = {isa = PBXFileReference; fileEncoding = 4; lastKnownFileType = sourcecode.c.h; path = KopTableViewController.h; sourceTree = "<group>"; };
		8BDC844918BF1F000049D916 /* KopTableViewController.m */ = {isa = PBXFileReference; fileEncoding = 4; lastKnownFileType = sourcecode.c.objc; path = KopTableViewController.m; sourceTree = "<group>"; };
		8BE516B318D17B3C00AF90DC /* RemoveFromInventoryPartViewController.h */ = {isa = PBXFileReference; fileEncoding = 4; lastKnownFileType = sourcecode.c.h; name = RemoveFromInventoryPartViewController.h; path = iPad/RemoveFromInventoryPartViewController.h; sourceTree = "<group>"; };
		8BE516B418D17B3C00AF90DC /* RemoveFromInventoryPartViewController.m */ = {isa = PBXFileReference; fileEncoding = 4; lastKnownFileType = sourcecode.c.objc; name = RemoveFromInventoryPartViewController.m; path = iPad/RemoveFromInventoryPartViewController.m; sourceTree = "<group>"; };
/* End PBXFileReference section */

/* Begin PBXFrameworksBuildPhase section */
		8B98089E18B30FDF008AC816 /* Frameworks */ = {
			isa = PBXFrameworksBuildPhase;
			buildActionMask = 2147483647;
			files = (
				8BAAC58718E0C25E00CB09C2 /* ImageIO.framework in Frameworks */,
				8BAAC58518E0C22100CB09C2 /* SDWebImage.framework in Frameworks */,
				8BB9660A18C1D34E0041AD18 /* Security.framework in Frameworks */,
				8B9808A718B30FDF008AC816 /* CoreGraphics.framework in Frameworks */,
				8B9808A918B30FDF008AC816 /* UIKit.framework in Frameworks */,
				8B9808A518B30FDF008AC816 /* Foundation.framework in Frameworks */,
			);
			runOnlyForDeploymentPostprocessing = 0;
		};
		8B9808C518B30FE0008AC816 /* Frameworks */ = {
			isa = PBXFrameworksBuildPhase;
			buildActionMask = 2147483647;
			files = (
				8B9808CA18B30FE0008AC816 /* XCTest.framework in Frameworks */,
				8B9808CC18B30FE0008AC816 /* UIKit.framework in Frameworks */,
				8B9808CB18B30FE0008AC816 /* Foundation.framework in Frameworks */,
			);
			runOnlyForDeploymentPostprocessing = 0;
		};
/* End PBXFrameworksBuildPhase section */

/* Begin PBXGroup section */
		8B0966AC18CEA10900692A10 /* iPad */ = {
			isa = PBXGroup;
			children = (
				8B0966AD18CEA17100692A10 /* RequestsTableViewController.h */,
				8B0966AE18CEA17100692A10 /* RequestsTableViewController.m */,
				8B0966B318CF622500692A10 /* CategoriesTableViewController.h */,
				8B0966B418CF622500692A10 /* CategoriesTableViewController.m */,
				8B0966B618CF6D1D00692A10 /* PartListViewController.h */,
				8B0966B718CF6D1D00692A10 /* PartListViewController.m */,
				8B0966B918CFAAF800692A10 /* PartViewController.h */,
				8B0966BA18CFAAF800692A10 /* PartViewController.m */,
				8B0966BF18D00E4E00692A10 /* TeamRequestsTableViewController.h */,
				8B0966C018D00E4E00692A10 /* TeamRequestsTableViewController.m */,
				8BA33AAD18D169DF0099DF70 /* InventoryPartViewController.h */,
				8BA33AAE18D169DF0099DF70 /* InventoryPartViewController.m */,
				8BE516B318D17B3C00AF90DC /* RemoveFromInventoryPartViewController.h */,
				8BE516B418D17B3C00AF90DC /* RemoveFromInventoryPartViewController.m */,
				8B43E6C018D2167100885B0D /* AcceptRequestViewController.h */,
				8B43E6C118D2167100885B0D /* AcceptRequestViewController.m */,
			);
			name = iPad;
			sourceTree = "<group>";
		};
		8B98089818B30FDF008AC816 = {
			isa = PBXGroup;
			children = (
				8BAAC58418E0C22100CB09C2 /* SDWebImage.framework */,
				8B9808AA18B30FE0008AC816 /* Bin of Parts */,
				8B9808CF18B30FE0008AC816 /* Bin of PartsTests */,
				8B9808A318B30FDF008AC816 /* Frameworks */,
				8B9808A218B30FDF008AC816 /* Products */,
			);
			sourceTree = "<group>";
		};
		8B9808A218B30FDF008AC816 /* Products */ = {
			isa = PBXGroup;
			children = (
				8B9808A118B30FDF008AC816 /* Bin of Parts.app */,
				8B9808C818B30FE0008AC816 /* Bin of PartsTests.xctest */,
			);
			name = Products;
			sourceTree = "<group>";
		};
		8B9808A318B30FDF008AC816 /* Frameworks */ = {
			isa = PBXGroup;
			children = (
				8BAAC58618E0C25E00CB09C2 /* ImageIO.framework */,
				8BB9661818C1F5A90041AD18 /* MobileCoreServices.framework */,
				8BB9661618C1F5A00041AD18 /* SystemConfiguration.framework */,
				8BB9661418C1F5950041AD18 /* CFNetwork.framework */,
				8BB9660918C1D34D0041AD18 /* Security.framework */,
				8B9808A418B30FDF008AC816 /* Foundation.framework */,
				8B9808A618B30FDF008AC816 /* CoreGraphics.framework */,
				8B9808A818B30FDF008AC816 /* UIKit.framework */,
				8B9808C918B30FE0008AC816 /* XCTest.framework */,
			);
			name = Frameworks;
			sourceTree = "<group>";
		};
		8B9808AA18B30FE0008AC816 /* Bin of Parts */ = {
			isa = PBXGroup;
			children = (
				8BB9660E18C1DD080041AD18 /* PDKeychainBindings.h */,
				8BB9660F18C1DD080041AD18 /* PDKeychainBindings.m */,
				8BB9661018C1DD080041AD18 /* PDKeychainBindingsController.h */,
				8BB9661118C1DD080041AD18 /* PDKeychainBindingsController.m */,
				8BB9660818C1CF3C0041AD18 /* constants.h */,
				8BC37A4818C07504004D8B91 /* Private */,
				8B9808B318B30FE0008AC816 /* AppDelegate.h */,
				8B9808B418B30FE0008AC816 /* AppDelegate.m */,
				8BDC843F18BEE84F0049D916 /* LoginViewController.h */,
				8BDC844018BEE84F0049D916 /* LoginViewController.m */,
				8BDC844218BF1E630049D916 /* TeamsTableViewController.h */,
				8BDC844318BF1E630049D916 /* TeamsTableViewController.m */,
				8BB9660518C1943C0041AD18 /* TeamDetailViewController.h */,
				8BB9660618C1943C0041AD18 /* TeamDetailViewController.m */,
				8BDC844518BF1E7B0049D916 /* EventsTableViewController.h */,
				8BDC844618BF1E7B0049D916 /* EventsTableViewController.m */,
				8BC37A5718C1872F004D8B91 /* EventDetailViewController.h */,
				8BC37A5818C1872F004D8B91 /* EventDetailViewController.m */,
				8BDC844818BF1F000049D916 /* KopTableViewController.h */,
				8BDC844918BF1F000049D916 /* KopTableViewController.m */,
				8B0966AC18CEA10900692A10 /* iPad */,
				8B9808B618B30FE0008AC816 /* Main_iPhone.storyboard */,
				8B9808B918B30FE0008AC816 /* Main_iPad.storyboard */,
				8B9808C218B30FE0008AC816 /* Images.xcassets */,
				8B9808AB18B30FE0008AC816 /* Supporting Files */,
			);
			path = "Bin of Parts";
			sourceTree = "<group>";
		};
		8B9808AB18B30FE0008AC816 /* Supporting Files */ = {
			isa = PBXGroup;
			children = (
				8B9808AC18B30FE0008AC816 /* Bin of Parts-Info.plist */,
				8B9808AD18B30FE0008AC816 /* InfoPlist.strings */,
				8B9808B018B30FE0008AC816 /* main.m */,
				8B9808B218B30FE0008AC816 /* Bin of Parts-Prefix.pch */,
			);
			name = "Supporting Files";
			sourceTree = "<group>";
		};
		8B9808CF18B30FE0008AC816 /* Bin of PartsTests */ = {
			isa = PBXGroup;
			children = (
				8B9808D518B30FE0008AC816 /* Bin_of_PartsTests.m */,
				8B9808D018B30FE0008AC816 /* Supporting Files */,
			);
			path = "Bin of PartsTests";
			sourceTree = "<group>";
		};
		8B9808D018B30FE0008AC816 /* Supporting Files */ = {
			isa = PBXGroup;
			children = (
				8B9808D118B30FE0008AC816 /* Bin of PartsTests-Info.plist */,
				8B9808D218B30FE0008AC816 /* InfoPlist.strings */,
			);
			name = "Supporting Files";
			sourceTree = "<group>";
		};
		8BC37A4818C07504004D8B91 /* Private */ = {
			isa = PBXGroup;
			children = (
				8BC37A5418C16EB9004D8B91 /* MeTableViewController.h */,
				8BC37A5518C16EB9004D8B91 /* MeTableViewController.m */,
			);
			name = Private;
			sourceTree = "<group>";
		};
/* End PBXGroup section */

/* Begin PBXNativeTarget section */
		8B9808A018B30FDF008AC816 /* Bin of Parts */ = {
			isa = PBXNativeTarget;
			buildConfigurationList = 8B9808D918B30FE0008AC816 /* Build configuration list for PBXNativeTarget "Bin of Parts" */;
			buildPhases = (
				8B98089D18B30FDF008AC816 /* Sources */,
				8B98089E18B30FDF008AC816 /* Frameworks */,
				8B98089F18B30FDF008AC816 /* Resources */,
			);
			buildRules = (
			);
			dependencies = (
			);
			name = "Bin of Parts";
			productName = "Bin of Parts";
			productReference = 8B9808A118B30FDF008AC816 /* Bin of Parts.app */;
			productType = "com.apple.product-type.application";
		};
		8B9808C718B30FE0008AC816 /* Bin of PartsTests */ = {
			isa = PBXNativeTarget;
			buildConfigurationList = 8B9808DC18B30FE0008AC816 /* Build configuration list for PBXNativeTarget "Bin of PartsTests" */;
			buildPhases = (
				8B9808C418B30FE0008AC816 /* Sources */,
				8B9808C518B30FE0008AC816 /* Frameworks */,
				8B9808C618B30FE0008AC816 /* Resources */,
			);
			buildRules = (
			);
			dependencies = (
				8B9808CE18B30FE0008AC816 /* PBXTargetDependency */,
			);
			name = "Bin of PartsTests";
			productName = "Bin of PartsTests";
			productReference = 8B9808C818B30FE0008AC816 /* Bin of PartsTests.xctest */;
			productType = "com.apple.product-type.bundle.unit-test";
		};
/* End PBXNativeTarget section */

/* Begin PBXProject section */
		8B98089918B30FDF008AC816 /* Project object */ = {
			isa = PBXProject;
			attributes = {
				LastUpgradeCheck = 0510;
				ORGANIZATIONNAME = "Bin of Parts, inc.";
				TargetAttributes = {
					8B9808A018B30FDF008AC816 = {
						DevelopmentTeam = ERV9GQZ94Y;
					};
					8B9808C718B30FE0008AC816 = {
						TestTargetID = 8B9808A018B30FDF008AC816;
					};
				};
			};
			buildConfigurationList = 8B98089C18B30FDF008AC816 /* Build configuration list for PBXProject "Bin of Parts" */;
			compatibilityVersion = "Xcode 3.2";
			developmentRegion = English;
			hasScannedForEncodings = 0;
			knownRegions = (
				en,
				Base,
			);
			mainGroup = 8B98089818B30FDF008AC816;
			productRefGroup = 8B9808A218B30FDF008AC816 /* Products */;
			projectDirPath = "";
			projectRoot = "";
			targets = (
				8B9808A018B30FDF008AC816 /* Bin of Parts */,
				8B9808C718B30FE0008AC816 /* Bin of PartsTests */,
			);
		};
/* End PBXProject section */

/* Begin PBXResourcesBuildPhase section */
		8B98089F18B30FDF008AC816 /* Resources */ = {
			isa = PBXResourcesBuildPhase;
			buildActionMask = 2147483647;
			files = (
				8B9808BB18B30FE0008AC816 /* Main_iPad.storyboard in Resources */,
				8B9808C318B30FE0008AC816 /* Images.xcassets in Resources */,
				8B9808B818B30FE0008AC816 /* Main_iPhone.storyboard in Resources */,
				8B9808AF18B30FE0008AC816 /* InfoPlist.strings in Resources */,
			);
			runOnlyForDeploymentPostprocessing = 0;
		};
		8B9808C618B30FE0008AC816 /* Resources */ = {
			isa = PBXResourcesBuildPhase;
			buildActionMask = 2147483647;
			files = (
				8B9808D418B30FE0008AC816 /* InfoPlist.strings in Resources */,
			);
			runOnlyForDeploymentPostprocessing = 0;
		};
/* End PBXResourcesBuildPhase section */

/* Begin PBXSourcesBuildPhase section */
		8B98089D18B30FDF008AC816 /* Sources */ = {
			isa = PBXSourcesBuildPhase;
			buildActionMask = 2147483647;
			files = (
				8B9808B518B30FE0008AC816 /* AppDelegate.m in Sources */,
				8BB9660718C1943D0041AD18 /* TeamDetailViewController.m in Sources */,
				8B0966C118D00E4E00692A10 /* TeamRequestsTableViewController.m in Sources */,
				8B43E6C218D2167100885B0D /* AcceptRequestViewController.m in Sources */,
				8B9808B118B30FE0008AC816 /* main.m in Sources */,
				8B0966AF18CEA17100692A10 /* RequestsTableViewController.m in Sources */,
				8BB9661218C1DD080041AD18 /* PDKeychainBindings.m in Sources */,
				8BC37A5918C1872F004D8B91 /* EventDetailViewController.m in Sources */,
				8B0966B518CF622500692A10 /* CategoriesTableViewController.m in Sources */,
				8B0966B818CF6D1D00692A10 /* PartListViewController.m in Sources */,
				8BA33AAF18D169DF0099DF70 /* InventoryPartViewController.m in Sources */,
				8BB9661318C1DD080041AD18 /* PDKeychainBindingsController.m in Sources */,
				8BDC844418BF1E630049D916 /* TeamsTableViewController.m in Sources */,
				8BE516B518D17B3C00AF90DC /* RemoveFromInventoryPartViewController.m in Sources */,
				8BDC844718BF1E7B0049D916 /* EventsTableViewController.m in Sources */,
				8BDC844A18BF1F000049D916 /* KopTableViewController.m in Sources */,
				8BC37A5618C16EB9004D8B91 /* MeTableViewController.m in Sources */,
				8B0966BB18CFAAF800692A10 /* PartViewController.m in Sources */,
				8BDC844118BEE84F0049D916 /* LoginViewController.m in Sources */,
			);
			runOnlyForDeploymentPostprocessing = 0;
		};
		8B9808C418B30FE0008AC816 /* Sources */ = {
			isa = PBXSourcesBuildPhase;
			buildActionMask = 2147483647;
			files = (
				8B9808D618B30FE0008AC816 /* Bin_of_PartsTests.m in Sources */,
			);
			runOnlyForDeploymentPostprocessing = 0;
		};
/* End PBXSourcesBuildPhase section */

/* Begin PBXTargetDependency section */
		8B9808CE18B30FE0008AC816 /* PBXTargetDependency */ = {
			isa = PBXTargetDependency;
			target = 8B9808A018B30FDF008AC816 /* Bin of Parts */;
			targetProxy = 8B9808CD18B30FE0008AC816 /* PBXContainerItemProxy */;
		};
/* End PBXTargetDependency section */

/* Begin PBXVariantGroup section */
		8B9808AD18B30FE0008AC816 /* InfoPlist.strings */ = {
			isa = PBXVariantGroup;
			children = (
				8B9808AE18B30FE0008AC816 /* en */,
			);
			name = InfoPlist.strings;
			sourceTree = "<group>";
		};
		8B9808B618B30FE0008AC816 /* Main_iPhone.storyboard */ = {
			isa = PBXVariantGroup;
			children = (
				8B9808B718B30FE0008AC816 /* Base */,
			);
			name = Main_iPhone.storyboard;
			sourceTree = "<group>";
		};
		8B9808B918B30FE0008AC816 /* Main_iPad.storyboard */ = {
			isa = PBXVariantGroup;
			children = (
				8B9808BA18B30FE0008AC816 /* Base */,
			);
			name = Main_iPad.storyboard;
			sourceTree = "<group>";
		};
		8B9808D218B30FE0008AC816 /* InfoPlist.strings */ = {
			isa = PBXVariantGroup;
			children = (
				8B9808D318B30FE0008AC816 /* en */,
			);
			name = InfoPlist.strings;
			sourceTree = "<group>";
		};
/* End PBXVariantGroup section */

/* Begin XCBuildConfiguration section */
		8B9808D718B30FE0008AC816 /* Debug */ = {
			isa = XCBuildConfiguration;
			buildSettings = {
				ALWAYS_SEARCH_USER_PATHS = NO;
				CLANG_CXX_LANGUAGE_STANDARD = "gnu++0x";
				CLANG_CXX_LIBRARY = "libc++";
				CLANG_ENABLE_MODULES = YES;
				CLANG_ENABLE_OBJC_ARC = YES;
				CLANG_WARN_BOOL_CONVERSION = YES;
				CLANG_WARN_CONSTANT_CONVERSION = YES;
				CLANG_WARN_DIRECT_OBJC_ISA_USAGE = YES_ERROR;
				CLANG_WARN_EMPTY_BODY = YES;
				CLANG_WARN_ENUM_CONVERSION = YES;
				CLANG_WARN_INT_CONVERSION = YES;
				CLANG_WARN_OBJC_ROOT_CLASS = YES_ERROR;
				CLANG_WARN__DUPLICATE_METHOD_MATCH = YES;
				"CODE_SIGN_IDENTITY[sdk=iphoneos*]" = "iPhone Developer";
				COPY_PHASE_STRIP = NO;
				GCC_C_LANGUAGE_STANDARD = gnu99;
				GCC_DYNAMIC_NO_PIC = NO;
				GCC_OPTIMIZATION_LEVEL = 0;
				GCC_PREPROCESSOR_DEFINITIONS = (
					"DEBUG=1",
					"$(inherited)",
				);
				GCC_SYMBOLS_PRIVATE_EXTERN = NO;
				GCC_WARN_64_TO_32_BIT_CONVERSION = YES;
				GCC_WARN_ABOUT_RETURN_TYPE = YES_ERROR;
				GCC_WARN_UNDECLARED_SELECTOR = YES;
				GCC_WARN_UNINITIALIZED_AUTOS = YES_AGGRESSIVE;
				GCC_WARN_UNUSED_FUNCTION = YES;
				GCC_WARN_UNUSED_VARIABLE = YES;
				IPHONEOS_DEPLOYMENT_TARGET = 7.1;
				ONLY_ACTIVE_ARCH = YES;
				SDKROOT = iphoneos;
				TARGETED_DEVICE_FAMILY = "1,2";
			};
			name = Debug;
		};
		8B9808D818B30FE0008AC816 /* Release */ = {
			isa = XCBuildConfiguration;
			buildSettings = {
				ALWAYS_SEARCH_USER_PATHS = NO;
				CLANG_CXX_LANGUAGE_STANDARD = "gnu++0x";
				CLANG_CXX_LIBRARY = "libc++";
				CLANG_ENABLE_MODULES = YES;
				CLANG_ENABLE_OBJC_ARC = YES;
				CLANG_WARN_BOOL_CONVERSION = YES;
				CLANG_WARN_CONSTANT_CONVERSION = YES;
				CLANG_WARN_DIRECT_OBJC_ISA_USAGE = YES_ERROR;
				CLANG_WARN_EMPTY_BODY = YES;
				CLANG_WARN_ENUM_CONVERSION = YES;
				CLANG_WARN_INT_CONVERSION = YES;
				CLANG_WARN_OBJC_ROOT_CLASS = YES_ERROR;
				CLANG_WARN__DUPLICATE_METHOD_MATCH = YES;
				"CODE_SIGN_IDENTITY[sdk=iphoneos*]" = "iPhone Developer";
				COPY_PHASE_STRIP = YES;
				ENABLE_NS_ASSERTIONS = NO;
				GCC_C_LANGUAGE_STANDARD = gnu99;
				GCC_WARN_64_TO_32_BIT_CONVERSION = YES;
				GCC_WARN_ABOUT_RETURN_TYPE = YES_ERROR;
				GCC_WARN_UNDECLARED_SELECTOR = YES;
				GCC_WARN_UNINITIALIZED_AUTOS = YES_AGGRESSIVE;
				GCC_WARN_UNUSED_FUNCTION = YES;
				GCC_WARN_UNUSED_VARIABLE = YES;
				IPHONEOS_DEPLOYMENT_TARGET = 7.1;
				SDKROOT = iphoneos;
				TARGETED_DEVICE_FAMILY = "1,2";
				VALIDATE_PRODUCT = YES;
			};
			name = Release;
		};
		8B9808DA18B30FE0008AC816 /* Debug */ = {
			isa = XCBuildConfiguration;
			buildSettings = {
				ASSETCATALOG_COMPILER_APPICON_NAME = AppIcon;
				ASSETCATALOG_COMPILER_LAUNCHIMAGE_NAME = LaunchImage;
				CODE_SIGN_IDENTITY = "iPhone Developer";
				FRAMEWORK_SEARCH_PATHS = (
					"$(inherited)",
					"$(PROJECT_DIR)",
				);
				GCC_PRECOMPILE_PREFIX_HEADER = YES;
				GCC_PREFIX_HEADER = "Bin of Parts/Bin of Parts-Prefix.pch";
				INFOPLIST_FILE = "Bin of Parts/Bin of Parts-Info.plist";
				IPHONEOS_DEPLOYMENT_TARGET = 7.0;
				OTHER_LDFLAGS = "-ObjC";
				PRODUCT_NAME = "$(TARGET_NAME)";
				WRAPPER_EXTENSION = app;
			};
			name = Debug;
		};
		8B9808DB18B30FE0008AC816 /* Release */ = {
			isa = XCBuildConfiguration;
			buildSettings = {
				ASSETCATALOG_COMPILER_APPICON_NAME = AppIcon;
				ASSETCATALOG_COMPILER_LAUNCHIMAGE_NAME = LaunchImage;
				CODE_SIGN_IDENTITY = "iPhone Developer";
				FRAMEWORK_SEARCH_PATHS = (
					"$(inherited)",
					"$(PROJECT_DIR)",
				);
				GCC_PRECOMPILE_PREFIX_HEADER = YES;
				GCC_PREFIX_HEADER = "Bin of Parts/Bin of Parts-Prefix.pch";
				INFOPLIST_FILE = "Bin of Parts/Bin of Parts-Info.plist";
				IPHONEOS_DEPLOYMENT_TARGET = 7.0;
				OTHER_LDFLAGS = "-ObjC";
				PRODUCT_NAME = "$(TARGET_NAME)";
				WRAPPER_EXTENSION = app;
			};
			name = Release;
		};
		8B9808DD18B30FE0008AC816 /* Debug */ = {
			isa = XCBuildConfiguration;
			buildSettings = {
				BUNDLE_LOADER = "$(BUILT_PRODUCTS_DIR)/Bin of Parts.app/Bin of Parts";
				FRAMEWORK_SEARCH_PATHS = (
					"$(SDKROOT)/Developer/Library/Frameworks",
					"$(inherited)",
					"$(DEVELOPER_FRAMEWORKS_DIR)",
				);
				GCC_PRECOMPILE_PREFIX_HEADER = YES;
				GCC_PREFIX_HEADER = "Bin of Parts/Bin of Parts-Prefix.pch";
				GCC_PREPROCESSOR_DEFINITIONS = (
					"DEBUG=1",
					"$(inherited)",
				);
				INFOPLIST_FILE = "Bin of PartsTests/Bin of PartsTests-Info.plist";
				PRODUCT_NAME = "$(TARGET_NAME)";
				TEST_HOST = "$(BUNDLE_LOADER)";
				WRAPPER_EXTENSION = xctest;
			};
			name = Debug;
		};
		8B9808DE18B30FE0008AC816 /* Release */ = {
			isa = XCBuildConfiguration;
			buildSettings = {
				BUNDLE_LOADER = "$(BUILT_PRODUCTS_DIR)/Bin of Parts.app/Bin of Parts";
				FRAMEWORK_SEARCH_PATHS = (
					"$(SDKROOT)/Developer/Library/Frameworks",
					"$(inherited)",
					"$(DEVELOPER_FRAMEWORKS_DIR)",
				);
				GCC_PRECOMPILE_PREFIX_HEADER = YES;
				GCC_PREFIX_HEADER = "Bin of Parts/Bin of Parts-Prefix.pch";
				INFOPLIST_FILE = "Bin of PartsTests/Bin of PartsTests-Info.plist";
				PRODUCT_NAME = "$(TARGET_NAME)";
				TEST_HOST = "$(BUNDLE_LOADER)";
				WRAPPER_EXTENSION = xctest;
			};
			name = Release;
		};
/* End XCBuildConfiguration section */

/* Begin XCConfigurationList section */
		8B98089C18B30FDF008AC816 /* Build configuration list for PBXProject "Bin of Parts" */ = {
			isa = XCConfigurationList;
			buildConfigurations = (
				8B9808D718B30FE0008AC816 /* Debug */,
				8B9808D818B30FE0008AC816 /* Release */,
			);
			defaultConfigurationIsVisible = 0;
			defaultConfigurationName = Release;
		};
		8B9808D918B30FE0008AC816 /* Build configuration list for PBXNativeTarget "Bin of Parts" */ = {
			isa = XCConfigurationList;
			buildConfigurations = (
				8B9808DA18B30FE0008AC816 /* Debug */,
				8B9808DB18B30FE0008AC816 /* Release */,
			);
			defaultConfigurationIsVisible = 0;
			defaultConfigurationName = Release;
		};
		8B9808DC18B30FE0008AC816 /* Build configuration list for PBXNativeTarget "Bin of PartsTests" */ = {
			isa = XCConfigurationList;
			buildConfigurations = (
				8B9808DD18B30FE0008AC816 /* Debug */,
				8B9808DE18B30FE0008AC816 /* Release */,
			);
			defaultConfigurationIsVisible = 0;
			defaultConfigurationName = Release;
		};
/* End XCConfigurationList section */
	};
	rootObject = 8B98089918B30FDF008AC816 /* Project object */;
}
